
Microsoft Visual Studio Solution File, Format Version 12.00
# Visual Studio Version 17
VisualStudioVersion = 17.9.34607.119
MinimumVisualStudioVersion = 10.0.40219.1
Project("{FAE04EC0-301F-11D3-BF4B-00C04F79EFBC}") = "CRUD Operation", "CRUD Operation.csproj", "{943C685D-F873-4BEE-9A09-F0A6F4F75EB0}"
EndProject
Global
	GlobalSection(SolutionConfigurationPlatforms) = preSolution
		Debug|Any CPU = Debug|Any CPU
		Release|Any CPU = Release|Any CPU
	EndGlobalSection
	GlobalSection(ProjectConfigurationPlatforms) = postSolution
		{943C685D-F873-4BEE-9A09-F0A6F4F75EB0}.Debug|Any CPU.ActiveCfg = Debug|Any CPU
		{943C685D-F873-4BEE-9A09-F0A6F4F75EB0}.Debug|Any CPU.Build.0 = Debug|Any CPU
		{943C685D-F873-4BEE-9A09-F0A6F4F75EB0}.Release|Any CPU.ActiveCfg = Release|Any CPU
		{943C685D-F873-4BEE-9A09-F0A6F4F75EB0}.Release|Any CPU.Build.0 = Release|Any CPU
	EndGlobalSection
	GlobalSection(SolutionProperties) = preSolution
		HideSolutionNode = FALSE
	EndGlobalSection
	GlobalSection(ExtensibilityGlobals) = postSolution
		SolutionGuid = {F283C960-4D5D-4621-94D2-2E3F6DE1E252}
	EndGlobalSection
EndGlobal
